
Microsoft Visual Studio Solution File, Format Version 12.00
# Visual Studio 15
VisualStudioVersion = 15.0.28307.645
MinimumVisualStudioVersion = 10.0.40219.1
Project("{FAE04EC0-301F-11D3-BF4B-00C04F79EFBC}") = "Test Framework", "Test Framework\Test Framework.csproj", "{77CDFFF9-8B9D-4B4C-BB06-9330A027136D}"
EndProject
Project("{FAE04EC0-301F-11D3-BF4B-00C04F79EFBC}") = "Class Library", "Class Library\Class Library.csproj", "{30029452-BA29-46EB-B9F5-BBF30B1F03B3}"
EndProject
Project("{FAE04EC0-301F-11D3-BF4B-00C04F79EFBC}") = "BackOffice", "BackOffice\BackOffice.csproj", "{943F8E9E-5193-40C4-AB0E-841B8B95A988}"
EndProject
Project("{FAE04EC0-301F-11D3-BF4B-00C04F79EFBC}") = "FrontEnd", "FrontEnd\FrontEnd.csproj", "{EA5B347E-7A6B-4D70-91C4-FCED6F485A79}"
EndProject
Project("{FAE04EC0-301F-11D3-BF4B-00C04F79EFBC}") = "Hotel Delux", "Hotel Delux\Hotel Delux.csproj", "{0E1F7818-B75C-47B9-BE22-B91B0C37F778}"
EndProject
Global
	GlobalSection(SolutionConfigurationPlatforms) = preSolution
		Debug|Any CPU = Debug|Any CPU
		Release|Any CPU = Release|Any CPU
	EndGlobalSection
	GlobalSection(ProjectConfigurationPlatforms) = postSolution
		{77CDFFF9-8B9D-4B4C-BB06-9330A027136D}.Debug|Any CPU.ActiveCfg = Debug|Any CPU
		{77CDFFF9-8B9D-4B4C-BB06-9330A027136D}.Debug|Any CPU.Build.0 = Debug|Any CPU
		{77CDFFF9-8B9D-4B4C-BB06-9330A027136D}.Release|Any CPU.ActiveCfg = Release|Any CPU
		{77CDFFF9-8B9D-4B4C-BB06-9330A027136D}.Release|Any CPU.Build.0 = Release|Any CPU
		{30029452-BA29-46EB-B9F5-BBF30B1F03B3}.Debug|Any CPU.ActiveCfg = Debug|Any CPU
		{30029452-BA29-46EB-B9F5-BBF30B1F03B3}.Debug|Any CPU.Build.0 = Debug|Any CPU
		{30029452-BA29-46EB-B9F5-BBF30B1F03B3}.Release|Any CPU.ActiveCfg = Release|Any CPU
		{30029452-BA29-46EB-B9F5-BBF30B1F03B3}.Release|Any CPU.Build.0 = Release|Any CPU
		{943F8E9E-5193-40C4-AB0E-841B8B95A988}.Debug|Any CPU.ActiveCfg = Debug|Any CPU
		{943F8E9E-5193-40C4-AB0E-841B8B95A988}.Debug|Any CPU.Build.0 = Debug|Any CPU
		{943F8E9E-5193-40C4-AB0E-841B8B95A988}.Release|Any CPU.ActiveCfg = Release|Any CPU
		{943F8E9E-5193-40C4-AB0E-841B8B95A988}.Release|Any CPU.Build.0 = Release|Any CPU
		{EA5B347E-7A6B-4D70-91C4-FCED6F485A79}.Debug|Any CPU.ActiveCfg = Debug|Any CPU
		{EA5B347E-7A6B-4D70-91C4-FCED6F485A79}.Debug|Any CPU.Build.0 = Debug|Any CPU
		{EA5B347E-7A6B-4D70-91C4-FCED6F485A79}.Release|Any CPU.ActiveCfg = Release|Any CPU
		{EA5B347E-7A6B-4D70-91C4-FCED6F485A79}.Release|Any CPU.Build.0 = Release|Any CPU
		{0E1F7818-B75C-47B9-BE22-B91B0C37F778}.Debug|Any CPU.ActiveCfg = Debug|Any CPU
		{0E1F7818-B75C-47B9-BE22-B91B0C37F778}.Debug|Any CPU.Build.0 = Debug|Any CPU
		{0E1F7818-B75C-47B9-BE22-B91B0C37F778}.Release|Any CPU.ActiveCfg = Release|Any CPU
		{0E1F7818-B75C-47B9-BE22-B91B0C37F778}.Release|Any CPU.Build.0 = Release|Any CPU
	EndGlobalSection
	GlobalSection(SolutionProperties) = preSolution
		HideSolutionNode = FALSE
	EndGlobalSection
	GlobalSection(ExtensibilityGlobals) = postSolution
		SolutionGuid = {6A83C97C-8F92-48D2-90E8-C9B2166D46BD}
	EndGlobalSection
EndGlobal
